<?xml version="1.0" encoding="utf-8"?>
<Project ToolsVersion="4.0" xmlns="http://schemas.microsoft.com/developer/msbuild/2003">
  <ItemGroup>
    <Filter Include="Source Files">
      <UniqueIdentifier>{4FC737F1-C7A5-4376-A066-2A32D752A2FF}</UniqueIdentifier>
      <Extensions>cpp;c;cc;cxx;def;odl;idl;hpj;bat;asm;asmx</Extensions>
    </Filter>
    <Filter Include="Header Files">
      <UniqueIdentifier>{93995380-89BD-4b04-88EB-625FBE52EBFB}</UniqueIdentifier>
      <Extensions>h;hpp;hxx;hm;inl;inc;xsd</Extensions>
    </Filter>
    <Filter Include="Resource Files">
      <UniqueIdentifier>{67DA6AB6-F800-4c08-8B7A-83BB121AAD01}</UniqueIdentifier>
      <Extensions>rc;ico;cur;bmp;dlg;rc2;rct;bin;rgs;gif;jpg;jpeg;jpe;resx;tiff;tif;png;wav;mfcribbon-ms</Extensions>
    </Filter>
  </ItemGroup>
  <ItemGroup>
    <None Include="ReadMe.txt" />
    <None Include="res\cvision.rc2">
      <Filter>Resource Files</Filter>
    </None>
    <None Include="res\cvision.ico">
      <Filter>Resource Files</Filter>
    </None>
    <None Include="res\bitmap2.bmp">
      <Filter>Resource Files</Filter>
    </None>
    <None Include="res\bitmap1.bmp">
      <Filter>Resource Files</Filter>
    </None>
    <None Include="res\default-BMP.bmp">
      <Filter>Resource Files</Filter>
    </None>
    <None Include="res\Static-Image.bmp">
      <Filter>Resource Files</Filter>
    </None>
    <None Include="res\newImage.bmp">
      <Filter>Resource Files</Filter>
    </None>
    <None Include="res\faps-Img.bmp">
      <Filter>Resource Files</Filter>
    </None>
    <None Include="res\FACEJ.jpg">
      <Filter>Resource Files</Filter>
    </None>
    <None Include="res\FACEE2.bmp">
      <Filter>Resource Files</Filter>
    </None>
    <None Include="res\wringle.bmp">
      <Filter>Resource Files</Filter>
    </None>
    <None Include="res\Wtexture.bmp">
      <Filter>Resource Files</Filter>
    </None>
    <None Include="res\static.bmp">
      <Filter>Resource Files</Filter>
    </None>
    <None Include="res\Background.bmp">
      <Filter>Resource Files</Filter>
    </None>
    <None Include="res\Button_Bitmaps\Cacel.bmp">
      <Filter>Resource Files</Filter>
    </None>
    <None Include="res\back.bmp">
      <Filter>Resource Files</Filter>
    </None>
    <None Include="res\tab.bmp">
      <Filter>Resource Files</Filter>
    </None>
    <None Include="Mouth.xml" />
    <None Include="Nariz.xml" />
    <None Include="haarcascade_frontalface_alt2.xml" />
    <None Include="parojos.xml" />
    <None Include="res\Tab_Texts\step1.bmp">
      <Filter>Resource Files</Filter>
    </None>
    <None Include="res\Tab_Texts\step2.bmp">
      <Filter>Resource Files</Filter>
    </None>
    <None Include="res\Tab_Texts\tab_header.bmp">
      <Filter>Resource Files</Filter>
    </None>
    <None Include="res\Tab_Texts\temp.bmp">
      <Filter>Resource Files</Filter>
    </None>
    <None Include="res\Tab_Texts\input.bmp">
      <Filter>Resource Files</Filter>
    </None>
    <None Include="res\icon.ico">
      <Filter>Resource Files</Filter>
    </None>
    <None Include="res\Tab_Texts\text-age.bmp">
      <Filter>Resource Files</Filter>
    </None>
    <None Include="res\facetemplete.bmp">
      <Filter>Resource Files</Filter>
    </None>
    <None Include="res\bitmap14.bmp">
      <Filter>Resource Files</Filter>
    </None>
  </ItemGroup>
  <ItemGroup>
    <ClInclude Include="cvision.h">
      <Filter>Header Files</Filter>
    </ClInclude>
    <ClInclude Include="cvisionDlg.h">
      <Filter>Header Files</Filter>
    </ClInclude>
    <ClInclude Include="stdafx.h">
      <Filter>Header Files</Filter>
    </ClInclude>
    <ClInclude Include="targetver.h">
      <Filter>Header Files</Filter>
    </ClInclude>
    <ClInclude Include="OpenGLControl.h">
      <Filter>Header Files</Filter>
    </ClInclude>
    <ClInclude Include="Tdsloader.h">
      <Filter>Header Files</Filter>
    </ClInclude>
    <ClInclude Include="MyTabOne.h">
      <Filter>Header Files</Filter>
    </ClInclude>
    <ClInclude Include="MyTabTwo.h">
      <Filter>Header Files</Filter>
    </ClInclude>
    <ClInclude Include="MyTabThree.h">
      <Filter>Header Files</Filter>
    </ClInclude>
    <ClInclude Include="MyFTabCtrl.h">
      <Filter>Header Files</Filter>
    </ClInclude>
    <ClInclude Include="feature.h">
      <Filter>Header Files</Filter>
    </ClInclude>
    <ClInclude Include="Ageprogression.h">
      <Filter>Header Files</Filter>
    </ClInclude>
    <ClInclude Include="resource.h">
      <Filter>Header Files</Filter>
    </ClInclude>
    <ClInclude Include="metrixCalculation.h">
      <Filter>Header Files</Filter>
    </ClInclude>
    <ClInclude Include="detectFaceComponets.h">
      <Filter>Header Files</Filter>
    </ClInclude>
  </ItemGroup>
  <ItemGroup>
    <ClCompile Include="cvision.cpp">
      <Filter>Source Files</Filter>
    </ClCompile>
    <ClCompile Include="cvisionDlg.cpp">
      <Filter>Source Files</Filter>
    </ClCompile>
    <ClCompile Include="stdafx.cpp">
      <Filter>Source Files</Filter>
    </ClCompile>
    <ClCompile Include="OpenGLControl.cpp">
      <Filter>Source Files</Filter>
    </ClCompile>
    <ClCompile Include="Tdsloader.cpp">
      <Filter>Source Files</Filter>
    </ClCompile>
    <ClCompile Include="MyTabOne.cpp">
      <Filter>Source Files</Filter>
    </ClCompile>
    <ClCompile Include="MyTabTwo.cpp">
      <Filter>Source Files</Filter>
    </ClCompile>
    <ClCompile Include="MyTabThree.cpp">
      <Filter>Source Files</Filter>
    </ClCompile>
    <ClCompile Include="MyFTabCtrl.cpp">
      <Filter>Source Files</Filter>
    </ClCompile>
    <ClCompile Include="feature.cpp">
      <Filter>Source Files</Filter>
    </ClCompile>
    <ClCompile Include="Ageprogression.cpp">
      <Filter>Source Files</Filter>
    </ClCompile>
    <ClCompile Include="metrixCalculation.cpp">
      <Filter>Source Files</Filter>
    </ClCompile>
    <ClCompile Include="detectFaceComponets.cpp">
      <Filter>Source Files</Filter>
    </ClCompile>
  </ItemGroup>
  <ItemGroup>
    <ResourceCompile Include="cvision.rc">
      <Filter>Resource Files</Filter>
    </ResourceCompile>
  </ItemGroup>
</Project>